
Microsoft Visual Studio Solution File, Format Version 12.00
# Visual Studio Version 17
VisualStudioVersion = 17.2.32616.157
MinimumVisualStudioVersion = 10.0.40219.1
Project("{FAE04EC0-301F-11D3-BF4B-00C04F79EFBC}") = "Calculator", "Calculator\Calculator.csproj", "{D1C5FDC5-644E-4517-83AC-6F5F7480A216}"
EndProject
Global
	GlobalSection(SolutionConfigurationPlatforms) = preSolution
		Debug|Any CPU = Debug|Any CPU
		Release|Any CPU = Release|Any CPU
	EndGlobalSection
	GlobalSection(ProjectConfigurationPlatforms) = postSolution
		{D1C5FDC5-644E-4517-83AC-6F5F7480A216}.Debug|Any CPU.ActiveCfg = Debug|Any CPU
		{D1C5FDC5-644E-4517-83AC-6F5F7480A216}.Debug|Any CPU.Build.0 = Debug|Any CPU
		{D1C5FDC5-644E-4517-83AC-6F5F7480A216}.Release|Any CPU.ActiveCfg = Release|Any CPU
		{D1C5FDC5-644E-4517-83AC-6F5F7480A216}.Release|Any CPU.Build.0 = Release|Any CPU
	EndGlobalSection
	GlobalSection(SolutionProperties) = preSolution
		HideSolutionNode = FALSE
	EndGlobalSection
	GlobalSection(ExtensibilityGlobals) = postSolution
		SolutionGuid = {3A7BADB0-3055-4709-A4D4-11265659EDDB}
	EndGlobalSection
EndGlobal
